
Microsoft Visual Studio Solution File, Format Version 12.00
# Visual Studio Version 17
VisualStudioVersion = 17.6.33829.357
MinimumVisualStudioVersion = 10.0.40219.1
Project("{FAE04EC0-301F-11D3-BF4B-00C04F79EFBC}") = "CartrigesTelegramBot", "CartrigesTelegramBot.csproj", "{88627BE7-1672-451B-86DF-DEAC3DBA8AA8}"
EndProject
Global
	GlobalSection(SolutionConfigurationPlatforms) = preSolution
		Debug|Any CPU = Debug|Any CPU
		Release|Any CPU = Release|Any CPU
	EndGlobalSection
	GlobalSection(ProjectConfigurationPlatforms) = postSolution
		{88627BE7-1672-451B-86DF-DEAC3DBA8AA8}.Debug|Any CPU.ActiveCfg = Debug|Any CPU
		{88627BE7-1672-451B-86DF-DEAC3DBA8AA8}.Debug|Any CPU.Build.0 = Debug|Any CPU
		{88627BE7-1672-451B-86DF-DEAC3DBA8AA8}.Release|Any CPU.ActiveCfg = Release|Any CPU
		{88627BE7-1672-451B-86DF-DEAC3DBA8AA8}.Release|Any CPU.Build.0 = Release|Any CPU
	EndGlobalSection
	GlobalSection(SolutionProperties) = preSolution
		HideSolutionNode = FALSE
	EndGlobalSection
	GlobalSection(ExtensibilityGlobals) = postSolution
		SolutionGuid = {BA535995-5168-4E55-8B43-0A9D2A02B83D}
	EndGlobalSection
EndGlobal
